{
  "name": "winsage-agent",
  "version": "0.1.0",
  "lockfileVersion": 3,
  "requires": true,
  "packages": {
    "": {
      "name": "winsage-agent",
      "version": "0.1.0",
      "hasInstallScript": true,
      "license": "MIT",
      "os": [
        "win32"
      ],
      "bin": {
        "winsage": "bin/winsage.js"
      },
      "devDependencies": {},
      "engines": {
        "node": ">=14.0.0",
        "npm": ">=6.0.0"
      }
    }
  }
}
